
Microsoft Visual Studio Solution File, Format Version 12.00
# Visual Studio 15
VisualStudioVersion = 15.0.27130.2026
MinimumVisualStudioVersion = 10.0.40219.1
Project("{FAE04EC0-301F-11D3-BF4B-00C04F79EFBC}") = "ClassLibrary", "Bluda\ClassLibrary.csproj", "{7CAB1392-5A77-4B1C-93D2-D7700311ED06}"
EndProject
Project("{FAE04EC0-301F-11D3-BF4B-00C04F79EFBC}") = "Forms", "Forms\Forms.csproj", "{2D7CD3BA-9987-4742-BB27-533EE61F2DF5}"
EndProject
Global
	GlobalSection(SolutionConfigurationPlatforms) = preSolution
		Debug|Any CPU = Debug|Any CPU
		Release|Any CPU = Release|Any CPU
	EndGlobalSection
	GlobalSection(ProjectConfigurationPlatforms) = postSolution
		{7CAB1392-5A77-4B1C-93D2-D7700311ED06}.Debug|Any CPU.ActiveCfg = Debug|Any CPU
		{7CAB1392-5A77-4B1C-93D2-D7700311ED06}.Debug|Any CPU.Build.0 = Debug|Any CPU
		{7CAB1392-5A77-4B1C-93D2-D7700311ED06}.Release|Any CPU.ActiveCfg = Release|Any CPU
		{7CAB1392-5A77-4B1C-93D2-D7700311ED06}.Release|Any CPU.Build.0 = Release|Any CPU
		{2D7CD3BA-9987-4742-BB27-533EE61F2DF5}.Debug|Any CPU.ActiveCfg = Debug|Any CPU
		{2D7CD3BA-9987-4742-BB27-533EE61F2DF5}.Debug|Any CPU.Build.0 = Debug|Any CPU
		{2D7CD3BA-9987-4742-BB27-533EE61F2DF5}.Release|Any CPU.ActiveCfg = Release|Any CPU
		{2D7CD3BA-9987-4742-BB27-533EE61F2DF5}.Release|Any CPU.Build.0 = Release|Any CPU
	EndGlobalSection
	GlobalSection(SolutionProperties) = preSolution
		HideSolutionNode = FALSE
	EndGlobalSection
	GlobalSection(ExtensibilityGlobals) = postSolution
		SolutionGuid = {6C0319A4-C81D-473F-ABB4-4B366E0D94C4}
	EndGlobalSection
EndGlobal
